
Microsoft Visual Studio Solution File, Format Version 12.00
# Visual Studio 15
VisualStudioVersion = 15.0.26730.15
MinimumVisualStudioVersion = 10.0.40219.1
Project("{8BC9CEB8-8B4A-11D0-8D11-00A0C91BC942}") = "WaveSim", "WaveSim\WaveSim.vcxproj", "{BA2C34DB-5191-4EBB-AD90-75FA52E30BA5}"
EndProject
Global
	GlobalSection(SolutionConfigurationPlatforms) = preSolution
		Debug|x64 = Debug|x64
		Debug|x86 = Debug|x86
		Release|x64 = Release|x64
		Release|x86 = Release|x86
	EndGlobalSection
	GlobalSection(ProjectConfigurationPlatforms) = postSolution
		{BA2C34DB-5191-4EBB-AD90-75FA52E30BA5}.Debug|x64.ActiveCfg = Debug|x64
		{BA2C34DB-5191-4EBB-AD90-75FA52E30BA5}.Debug|x64.Build.0 = Debug|x64
		{BA2C34DB-5191-4EBB-AD90-75FA52E30BA5}.Debug|x86.ActiveCfg = Debug|Win32
		{BA2C34DB-5191-4EBB-AD90-75FA52E30BA5}.Debug|x86.Build.0 = Debug|Win32
		{BA2C34DB-5191-4EBB-AD90-75FA52E30BA5}.Release|x64.ActiveCfg = Release|x64
		{BA2C34DB-5191-4EBB-AD90-75FA52E30BA5}.Release|x64.Build.0 = Release|x64
		{BA2C34DB-5191-4EBB-AD90-75FA52E30BA5}.Release|x86.ActiveCfg = Release|Win32
		{BA2C34DB-5191-4EBB-AD90-75FA52E30BA5}.Release|x86.Build.0 = Release|Win32
	EndGlobalSection
	GlobalSection(SolutionProperties) = preSolution
		HideSolutionNode = FALSE
	EndGlobalSection
	GlobalSection(ExtensibilityGlobals) = postSolution
		SolutionGuid = {8F3AA97F-A018-48C0-9AA7-D771F1324351}
	EndGlobalSection
EndGlobal
